
Microsoft Visual Studio Solution File, Format Version 12.00
Project("{FAE04EC0-301F-11D3-BF4B-00C04F79EFBC}") = "HarborManagementSystem.Mobile", "HarborManagementSystem.Mobile\HarborManagementSystem.Mobile.csproj", "{541977DD-5DE2-4A09-80AB-55CF6F1CD85A}"
EndProject
Global
	GlobalSection(SolutionConfigurationPlatforms) = preSolution
		Debug|Any CPU = Debug|Any CPU
		Release|Any CPU = Release|Any CPU
	EndGlobalSection
	GlobalSection(ProjectConfigurationPlatforms) = postSolution
		{541977DD-5DE2-4A09-80AB-55CF6F1CD85A}.Debug|Any CPU.ActiveCfg = Debug|Any CPU
		{541977DD-5DE2-4A09-80AB-55CF6F1CD85A}.Debug|Any CPU.Build.0 = Debug|Any CPU
		{541977DD-5DE2-4A09-80AB-55CF6F1CD85A}.Release|Any CPU.ActiveCfg = Release|Any CPU
		{541977DD-5DE2-4A09-80AB-55CF6F1CD85A}.Release|Any CPU.Build.0 = Release|Any CPU
	EndGlobalSection
EndGlobal
